
Microsoft Visual Studio Solution File, Format Version 12.00
# Visual Studio Version 16
VisualStudioVersion = 16.0.30021.99
MinimumVisualStudioVersion = 10.0.40219.1
Project("{FAE04EC0-301F-11D3-BF4B-00C04F79EFBC}") = "MelbourneMegagames", "MelbourneMegagames\MelbourneMegagames.csproj", "{6794075A-6AD4-40BB-92E2-719D549BA087}"
EndProject
Global
	GlobalSection(SolutionConfigurationPlatforms) = preSolution
		Debug|Any CPU = Debug|Any CPU
		Release|Any CPU = Release|Any CPU
	EndGlobalSection
	GlobalSection(ProjectConfigurationPlatforms) = postSolution
		{6794075A-6AD4-40BB-92E2-719D549BA087}.Debug|Any CPU.ActiveCfg = Debug|Any CPU
		{6794075A-6AD4-40BB-92E2-719D549BA087}.Debug|Any CPU.Build.0 = Debug|Any CPU
		{6794075A-6AD4-40BB-92E2-719D549BA087}.Release|Any CPU.ActiveCfg = Release|Any CPU
		{6794075A-6AD4-40BB-92E2-719D549BA087}.Release|Any CPU.Build.0 = Release|Any CPU
	EndGlobalSection
	GlobalSection(SolutionProperties) = preSolution
		HideSolutionNode = FALSE
	EndGlobalSection
	GlobalSection(ExtensibilityGlobals) = postSolution
		SolutionGuid = {BC78C334-791C-4DC0-8628-54C8F180ADD4}
	EndGlobalSection
EndGlobal
